
Microsoft Visual Studio Solution File, Format Version 12.00
Project("{FAE04EC0-301F-11D3-BF4B-00C04F79EFBC}") = "KolokwiumAPBDCodeFirst", "KolokwiumAPBDCodeFirst\KolokwiumAPBDCodeFirst.csproj", "{5B927C0A-71FA-4D44-87FE-97B37D58DAF9}"
EndProject
Global
	GlobalSection(SolutionConfigurationPlatforms) = preSolution
		Debug|Any CPU = Debug|Any CPU
		Release|Any CPU = Release|Any CPU
	EndGlobalSection
	GlobalSection(ProjectConfigurationPlatforms) = postSolution
		{5B927C0A-71FA-4D44-87FE-97B37D58DAF9}.Debug|Any CPU.ActiveCfg = Debug|Any CPU
		{5B927C0A-71FA-4D44-87FE-97B37D58DAF9}.Debug|Any CPU.Build.0 = Debug|Any CPU
		{5B927C0A-71FA-4D44-87FE-97B37D58DAF9}.Release|Any CPU.ActiveCfg = Release|Any CPU
		{5B927C0A-71FA-4D44-87FE-97B37D58DAF9}.Release|Any CPU.Build.0 = Release|Any CPU
	EndGlobalSection
EndGlobal
